
Microsoft Visual Studio Solution File, Format Version 12.00
# Visual Studio Version 16
VisualStudioVersion = 16.0.31321.278
MinimumVisualStudioVersion = 10.0.40219.1
Project("{9A19103F-16F7-4668-BE54-9A1E7A4F7556}") = "KatMemeABlazing.Client", "KatMemeABlazing.Client.csproj", "{7A99D87A-A0BC-4636-B77B-CBCEA7BD2543}"
EndProject
Global
	GlobalSection(SolutionConfigurationPlatforms) = preSolution
		Debug|Any CPU = Debug|Any CPU
		Release|Any CPU = Release|Any CPU
	EndGlobalSection
	GlobalSection(ProjectConfigurationPlatforms) = postSolution
		{7A99D87A-A0BC-4636-B77B-CBCEA7BD2543}.Debug|Any CPU.ActiveCfg = Debug|Any CPU
		{7A99D87A-A0BC-4636-B77B-CBCEA7BD2543}.Debug|Any CPU.Build.0 = Debug|Any CPU
		{7A99D87A-A0BC-4636-B77B-CBCEA7BD2543}.Release|Any CPU.ActiveCfg = Release|Any CPU
		{7A99D87A-A0BC-4636-B77B-CBCEA7BD2543}.Release|Any CPU.Build.0 = Release|Any CPU
	EndGlobalSection
	GlobalSection(SolutionProperties) = preSolution
		HideSolutionNode = FALSE
	EndGlobalSection
	GlobalSection(ExtensibilityGlobals) = postSolution
		SolutionGuid = {34239880-4AEF-47C4-B89E-FAFE186C13FA}
	EndGlobalSection
EndGlobal
